
Microsoft Visual Studio Solution File, Format Version 12.00
# Visual Studio 15
VisualStudioVersion = 15.0.28307.757
MinimumVisualStudioVersion = 10.0.40219.1
Project("{FAE04EC0-301F-11D3-BF4B-00C04F79EFBC}") = "Contabancaria", "Contabancaria\Contabancaria.csproj", "{7B4762BF-E785-4F98-A7B3-235F4C92C4C1}"
EndProject
Project("{FAE04EC0-301F-11D3-BF4B-00C04F79EFBC}") = "UnitTestProjectContaBancaria", "UnitTestProjectContaBancaria\UnitTestProjectContaBancaria.csproj", "{CD567391-5040-4FD7-ACD9-AB1CF9FF7637}"
EndProject
Global
	GlobalSection(SolutionConfigurationPlatforms) = preSolution
		Debug|Any CPU = Debug|Any CPU
		Release|Any CPU = Release|Any CPU
	EndGlobalSection
	GlobalSection(ProjectConfigurationPlatforms) = postSolution
		{7B4762BF-E785-4F98-A7B3-235F4C92C4C1}.Debug|Any CPU.ActiveCfg = Debug|Any CPU
		{7B4762BF-E785-4F98-A7B3-235F4C92C4C1}.Debug|Any CPU.Build.0 = Debug|Any CPU
		{7B4762BF-E785-4F98-A7B3-235F4C92C4C1}.Release|Any CPU.ActiveCfg = Release|Any CPU
		{7B4762BF-E785-4F98-A7B3-235F4C92C4C1}.Release|Any CPU.Build.0 = Release|Any CPU
		{CD567391-5040-4FD7-ACD9-AB1CF9FF7637}.Debug|Any CPU.ActiveCfg = Debug|Any CPU
		{CD567391-5040-4FD7-ACD9-AB1CF9FF7637}.Debug|Any CPU.Build.0 = Debug|Any CPU
		{CD567391-5040-4FD7-ACD9-AB1CF9FF7637}.Release|Any CPU.ActiveCfg = Release|Any CPU
		{CD567391-5040-4FD7-ACD9-AB1CF9FF7637}.Release|Any CPU.Build.0 = Release|Any CPU
	EndGlobalSection
	GlobalSection(SolutionProperties) = preSolution
		HideSolutionNode = FALSE
	EndGlobalSection
	GlobalSection(ExtensibilityGlobals) = postSolution
		SolutionGuid = {BE557080-9F67-4A6C-AE05-1644F65DBA4E}
	EndGlobalSection
EndGlobal
